
Microsoft Visual Studio Solution File, Format Version 11.00
# Visual Studio 2010
Project("{8BC9CEB8-8B4A-11D0-8D11-00A0C91BC942}") = "PowtorkaDoKolokwium", "PowtorkaDoKolokwium\PowtorkaDoKolokwium.vcxproj", "{A2CB88EF-9C22-45BD-A818-B05F7BAF699D}"
EndProject
Global
	GlobalSection(SolutionConfigurationPlatforms) = preSolution
		Debug|Win32 = Debug|Win32
		Release|Win32 = Release|Win32
	EndGlobalSection
	GlobalSection(ProjectConfigurationPlatforms) = postSolution
		{A2CB88EF-9C22-45BD-A818-B05F7BAF699D}.Debug|Win32.ActiveCfg = Debug|Win32
		{A2CB88EF-9C22-45BD-A818-B05F7BAF699D}.Debug|Win32.Build.0 = Debug|Win32
		{A2CB88EF-9C22-45BD-A818-B05F7BAF699D}.Release|Win32.ActiveCfg = Release|Win32
		{A2CB88EF-9C22-45BD-A818-B05F7BAF699D}.Release|Win32.Build.0 = Release|Win32
	EndGlobalSection
	GlobalSection(SolutionProperties) = preSolution
		HideSolutionNode = FALSE
	EndGlobalSection
EndGlobal
